
Microsoft Visual Studio Solution File, Format Version 12.00
# Visual Studio Version 17
VisualStudioVersion = 17.6.33829.357
MinimumVisualStudioVersion = 10.0.40219.1
Project("{FAE04EC0-301F-11D3-BF4B-00C04F79EFBC}") = "FirstMvc", "CodeIsLife\FirstMvc.csproj", "{4FC57F8E-BB44-4096-B076-57CD2FF0EC79}"
EndProject
Global
	GlobalSection(SolutionConfigurationPlatforms) = preSolution
		Debug|Any CPU = Debug|Any CPU
		Release|Any CPU = Release|Any CPU
	EndGlobalSection
	GlobalSection(ProjectConfigurationPlatforms) = postSolution
		{4FC57F8E-BB44-4096-B076-57CD2FF0EC79}.Debug|Any CPU.ActiveCfg = Debug|Any CPU
		{4FC57F8E-BB44-4096-B076-57CD2FF0EC79}.Debug|Any CPU.Build.0 = Debug|Any CPU
		{4FC57F8E-BB44-4096-B076-57CD2FF0EC79}.Release|Any CPU.ActiveCfg = Release|Any CPU
		{4FC57F8E-BB44-4096-B076-57CD2FF0EC79}.Release|Any CPU.Build.0 = Release|Any CPU
	EndGlobalSection
	GlobalSection(SolutionProperties) = preSolution
		HideSolutionNode = FALSE
	EndGlobalSection
	GlobalSection(ExtensibilityGlobals) = postSolution
		SolutionGuid = {D43BE3A7-EEEB-4BB2-9849-EE52946762D7}
	EndGlobalSection
EndGlobal
